
Microsoft Visual Studio Solution File, Format Version 12.00
# Visual Studio Version 17
VisualStudioVersion = 17.0.31903.59
MinimumVisualStudioVersion = 10.0.40219.1
Project("{2150E333-8FDC-42A3-9474-1A3956D46DE8}") = "src", "src", "{8EA68D73-1732-47BF-B771-D989072CF684}"
EndProject
Project("{FAE04EC0-301F-11D3-BF4B-00C04F79EFBC}") = "AuctionService", "src\AuctionService\AuctionService.csproj", "{B6C812A9-43E7-41ED-B5FF-91897E52B33A}"
EndProject
Project("{FAE04EC0-301F-11D3-BF4B-00C04F79EFBC}") = "SearchService", "src\SearchService\SearchService.csproj", "{F9EC1CDD-6719-422E-A1E9-8A2CEB851B4E}"
EndProject
Global
	GlobalSection(SolutionConfigurationPlatforms) = preSolution
		Debug|Any CPU = Debug|Any CPU
		Release|Any CPU = Release|Any CPU
	EndGlobalSection
	GlobalSection(SolutionProperties) = preSolution
		HideSolutionNode = FALSE
	EndGlobalSection
	GlobalSection(ProjectConfigurationPlatforms) = postSolution
		{B6C812A9-43E7-41ED-B5FF-91897E52B33A}.Debug|Any CPU.ActiveCfg = Debug|Any CPU
		{B6C812A9-43E7-41ED-B5FF-91897E52B33A}.Debug|Any CPU.Build.0 = Debug|Any CPU
		{B6C812A9-43E7-41ED-B5FF-91897E52B33A}.Release|Any CPU.ActiveCfg = Release|Any CPU
		{B6C812A9-43E7-41ED-B5FF-91897E52B33A}.Release|Any CPU.Build.0 = Release|Any CPU
		{F9EC1CDD-6719-422E-A1E9-8A2CEB851B4E}.Debug|Any CPU.ActiveCfg = Debug|Any CPU
		{F9EC1CDD-6719-422E-A1E9-8A2CEB851B4E}.Debug|Any CPU.Build.0 = Debug|Any CPU
		{F9EC1CDD-6719-422E-A1E9-8A2CEB851B4E}.Release|Any CPU.ActiveCfg = Release|Any CPU
		{F9EC1CDD-6719-422E-A1E9-8A2CEB851B4E}.Release|Any CPU.Build.0 = Release|Any CPU
	EndGlobalSection
	GlobalSection(NestedProjects) = preSolution
		{B6C812A9-43E7-41ED-B5FF-91897E52B33A} = {8EA68D73-1732-47BF-B771-D989072CF684}
		{F9EC1CDD-6719-422E-A1E9-8A2CEB851B4E} = {8EA68D73-1732-47BF-B771-D989072CF684}
	EndGlobalSection
EndGlobal
